<?xml version="1.0" encoding="utf-8"?>
<Project ToolsVersion="4.0" xmlns="http://schemas.microsoft.com/developer/msbuild/2003">
  <ItemGroup>
    <Filter Include="Source Files">
      <UniqueIdentifier>{4FC737F1-C7A5-4376-A066-2A32D752A2FF}</UniqueIdentifier>
      <Extensions>cpp;c;cc;cxx;def;odl;idl;hpj;bat;asm;asmx</Extensions>
    </Filter>
    <Filter Include="Header Files">
      <UniqueIdentifier>{93995380-89BD-4b04-88EB-625FBE52EBFB}</UniqueIdentifier>
      <Extensions>h;hh;hpp;hxx;hm;inl;inc;xsd</Extensions>
    </Filter>
    <Filter Include="Resource Files">
      <UniqueIdentifier>{67DA6AB6-F800-4c08-8B7A-83BB121AAD01}</UniqueIdentifier>
      <Extensions>rc;ico;cur;bmp;dlg;rc2;rct;bin;rgs;gif;jpg;jpeg;jpe;resx;tiff;tif;png;wav;mfcribbon-ms</Extensions>
    </Filter>
    <Filter Include="Source Files\Backend">
      <UniqueIdentifier>{2ca813b3-21a0-4a7c-befa-5a05c22e82ea}</UniqueIdentifier>
    </Filter>
    <Filter Include="Source Files\Backend\App">
      <UniqueIdentifier>{7a2cdb71-3a6d-441a-ab9d-dd73dcbc3272}</UniqueIdentifier>
    </Filter>
    <Filter Include="Source Files\Backend\DAO">
      <UniqueIdentifier>{7ccdf72c-d11b-482e-9a74-81aebc209177}</UniqueIdentifier>
    </Filter>
    <Filter Include="Source Files\Backend\FaceDetectionManager">
      <UniqueIdentifier>{b36d3053-31aa-45be-89de-d771906dce1a}</UniqueIdentifier>
    </Filter>
    <Filter Include="Source Files\Backend\FaceRecognitionManager">
      <UniqueIdentifier>{5af09eaa-118f-4e8b-bcee-bde197cbbd19}</UniqueIdentifier>
    </Filter>
    <Filter Include="Source Files\Backend\ImageProcessingManager">
      <UniqueIdentifier>{002ddcc7-c7dd-40f4-a852-557c61f57ac4}</UniqueIdentifier>
    </Filter>
    <Filter Include="Source Files\Backend\DAO\User">
      <UniqueIdentifier>{4f1182d9-b6fb-427e-b006-23298b989123}</UniqueIdentifier>
    </Filter>
    <Filter Include="Source Files\Backend\DAO\Photo">
      <UniqueIdentifier>{bbf669a9-65a6-4d4d-82c4-e61743b824f0}</UniqueIdentifier>
    </Filter>
    <Filter Include="Source Files\Backend\App\LoginSession">
      <UniqueIdentifier>{7d098337-e25b-4f2b-a192-523494fb5c92}</UniqueIdentifier>
    </Filter>
    <Filter Include="Source Files\Backend\VideoCapture">
      <UniqueIdentifier>{b95961da-e6f1-416c-ab46-a245e88c2d70}</UniqueIdentifier>
    </Filter>
  </ItemGroup>
  <ItemGroup>
    <EmbeddedResource Include="MainForm.resx">
      <Filter>Resource Files</Filter>
    </EmbeddedResource>
    <EmbeddedResource Include="LoginForm.resx">
      <Filter>Resource Files</Filter>
    </EmbeddedResource>
  </ItemGroup>
  <ItemGroup>
    <ClCompile Include="MainForm.cpp">
      <Filter>Source Files</Filter>
    </ClCompile>
    <ClCompile Include="LoginForm.cpp">
      <Filter>Source Files</Filter>
    </ClCompile>
    <ClCompile Include="jackylib.cpp">
      <Filter>Source Files</Filter>
    </ClCompile>
    <ClCompile Include="test.cpp">
      <Filter>Source Files</Filter>
    </ClCompile>
    <ClCompile Include="App.cpp">
      <Filter>Source Files\Backend\App</Filter>
    </ClCompile>
    <ClCompile Include="Photo.cpp">
      <Filter>Source Files\Backend\DAO\Photo</Filter>
    </ClCompile>
    <ClCompile Include="PhotoDAO.cpp">
      <Filter>Source Files\Backend\DAO\Photo</Filter>
    </ClCompile>
    <ClCompile Include="User.cpp">
      <Filter>Source Files\Backend\DAO\User</Filter>
    </ClCompile>
    <ClCompile Include="UserDAO.cpp">
      <Filter>Source Files\Backend\DAO\User</Filter>
    </ClCompile>
    <ClCompile Include="FaceDetectionManager.cpp">
      <Filter>Source Files\Backend\FaceDetectionManager</Filter>
    </ClCompile>
    <ClCompile Include="FaceRecognitionManager.cpp">
      <Filter>Source Files\Backend\FaceRecognitionManager</Filter>
    </ClCompile>
    <ClCompile Include="ImageManager.cpp">
      <Filter>Source Files\Backend\ImageProcessingManager</Filter>
    </ClCompile>
    <ClCompile Include="LoginSession.cpp">
      <Filter>Source Files\Backend\App\LoginSession</Filter>
    </ClCompile>
    <ClCompile Include="VideoCaptureManager.cpp">
      <Filter>Source Files\Backend\VideoCapture</Filter>
    </ClCompile>
  </ItemGroup>
  <ItemGroup>
    <ClInclude Include="MainForm.h">
      <Filter>Header Files</Filter>
    </ClInclude>
    <ClInclude Include="LoginForm.h">
      <Filter>Header Files</Filter>
    </ClInclude>
    <ClInclude Include="jackylib.h">
      <Filter>Header Files</Filter>
    </ClInclude>
    <ClInclude Include="test.h">
      <Filter>Header Files</Filter>
    </ClInclude>
    <ClInclude Include="App.h">
      <Filter>Source Files\Backend\App</Filter>
    </ClInclude>
    <ClInclude Include="Photo.h">
      <Filter>Source Files\Backend\DAO\Photo</Filter>
    </ClInclude>
    <ClInclude Include="PhotoDAO.h">
      <Filter>Source Files\Backend\DAO\Photo</Filter>
    </ClInclude>
    <ClInclude Include="User.h">
      <Filter>Source Files\Backend\DAO\User</Filter>
    </ClInclude>
    <ClInclude Include="UserDAO.h">
      <Filter>Source Files\Backend\DAO\User</Filter>
    </ClInclude>
    <ClInclude Include="DAO.h">
      <Filter>Source Files\Backend\DAO</Filter>
    </ClInclude>
    <ClInclude Include="FaceDetectionManager.h">
      <Filter>Source Files\Backend\FaceDetectionManager</Filter>
    </ClInclude>
    <ClInclude Include="FaceRecognitionManager.h">
      <Filter>Source Files\Backend\FaceRecognitionManager</Filter>
    </ClInclude>
    <ClInclude Include="ImageManager.h">
      <Filter>Source Files\Backend\ImageProcessingManager</Filter>
    </ClInclude>
    <ClInclude Include="Utils.h">
      <Filter>Header Files</Filter>
    </ClInclude>
    <ClInclude Include="LoginSession.h">
      <Filter>Source Files\Backend\App\LoginSession</Filter>
    </ClInclude>
    <ClInclude Include="VideoCaptureManager.h">
      <Filter>Source Files\Backend\VideoCapture</Filter>
    </ClInclude>
  </ItemGroup>
</Project>